
Microsoft Visual Studio Solution File, Format Version 12.00
# Visual Studio Version 16
VisualStudioVersion = 16.0.32510.428
MinimumVisualStudioVersion = 10.0.40219.1
Project("{FAE04EC0-301F-11D3-BF4B-00C04F79EFBC}") = "TddTutorialBowling", "TddTutorialBowling\TddTutorialBowling.csproj", "{FA03D4E6-2117-4656-8D96-921B924DFE34}"
EndProject
Project("{FAE04EC0-301F-11D3-BF4B-00C04F79EFBC}") = "TestTddTutorialBowling", "TestTddTutorialBowling\TestTddTutorialBowling.csproj", "{919860E3-09A5-4E93-B1A8-17E23A79B4EE}"
EndProject
Global
	GlobalSection(SolutionConfigurationPlatforms) = preSolution
		Debug|Any CPU = Debug|Any CPU
		Release|Any CPU = Release|Any CPU
	EndGlobalSection
	GlobalSection(ProjectConfigurationPlatforms) = postSolution
		{FA03D4E6-2117-4656-8D96-921B924DFE34}.Debug|Any CPU.ActiveCfg = Debug|Any CPU
		{FA03D4E6-2117-4656-8D96-921B924DFE34}.Debug|Any CPU.Build.0 = Debug|Any CPU
		{FA03D4E6-2117-4656-8D96-921B924DFE34}.Release|Any CPU.ActiveCfg = Release|Any CPU
		{FA03D4E6-2117-4656-8D96-921B924DFE34}.Release|Any CPU.Build.0 = Release|Any CPU
		{919860E3-09A5-4E93-B1A8-17E23A79B4EE}.Debug|Any CPU.ActiveCfg = Debug|Any CPU
		{919860E3-09A5-4E93-B1A8-17E23A79B4EE}.Debug|Any CPU.Build.0 = Debug|Any CPU
		{919860E3-09A5-4E93-B1A8-17E23A79B4EE}.Release|Any CPU.ActiveCfg = Release|Any CPU
		{919860E3-09A5-4E93-B1A8-17E23A79B4EE}.Release|Any CPU.Build.0 = Release|Any CPU
	EndGlobalSection
	GlobalSection(SolutionProperties) = preSolution
		HideSolutionNode = FALSE
	EndGlobalSection
	GlobalSection(ExtensibilityGlobals) = postSolution
		SolutionGuid = {985D1655-26BF-4F36-BF51-F90121CEA8FD}
	EndGlobalSection
EndGlobal
